
Microsoft Visual Studio Solution File, Format Version 12.00
# Visual Studio 14
VisualStudioVersion = 14.0.25420.1
MinimumVisualStudioVersion = 10.0.40219.1
Project("{2150E333-8FDC-42A3-9474-1A3956D46DE8}") = "src", "src", "{577BE96F-5D13-487E-86D0-93C4EC9AD246}"
EndProject
Project("{2150E333-8FDC-42A3-9474-1A3956D46DE8}") = "Solution Items", "Solution Items", "{5ADE5129-E4A4-4B03-8923-9216E3364682}"
	ProjectSection(SolutionItems) = preProject
		global.json = global.json
		license.md = license.md
		README.md = README.md
	EndProjectSection
EndProject
Project("{8BB2217D-0F2D-49D1-97BC-3654ED321F3B}") = "Jsonize", "src\jsonize\Jsonize.xproj", "{ECFF49F2-299D-4249-B759-AB7D6581757A}"
EndProject
Project("{8BB2217D-0F2D-49D1-97BC-3654ED321F3B}") = "Jsonize.Test", "src\Jsonize.Test\Jsonize.Test.xproj", "{D5098312-1D2F-4F8C-B705-D7FC0633B3D5}"
EndProject
Global
	GlobalSection(SolutionConfigurationPlatforms) = preSolution
		Debug|Any CPU = Debug|Any CPU
		Release|Any CPU = Release|Any CPU
	EndGlobalSection
	GlobalSection(ProjectConfigurationPlatforms) = postSolution
		{ECFF49F2-299D-4249-B759-AB7D6581757A}.Debug|Any CPU.ActiveCfg = Debug|Any CPU
		{ECFF49F2-299D-4249-B759-AB7D6581757A}.Debug|Any CPU.Build.0 = Debug|Any CPU
		{ECFF49F2-299D-4249-B759-AB7D6581757A}.Release|Any CPU.ActiveCfg = Release|Any CPU
		{ECFF49F2-299D-4249-B759-AB7D6581757A}.Release|Any CPU.Build.0 = Release|Any CPU
		{D5098312-1D2F-4F8C-B705-D7FC0633B3D5}.Debug|Any CPU.ActiveCfg = Debug|Any CPU
		{D5098312-1D2F-4F8C-B705-D7FC0633B3D5}.Debug|Any CPU.Build.0 = Debug|Any CPU
		{D5098312-1D2F-4F8C-B705-D7FC0633B3D5}.Release|Any CPU.ActiveCfg = Release|Any CPU
		{D5098312-1D2F-4F8C-B705-D7FC0633B3D5}.Release|Any CPU.Build.0 = Release|Any CPU
	EndGlobalSection
	GlobalSection(SolutionProperties) = preSolution
		HideSolutionNode = FALSE
	EndGlobalSection
	GlobalSection(NestedProjects) = preSolution
		{ECFF49F2-299D-4249-B759-AB7D6581757A} = {577BE96F-5D13-487E-86D0-93C4EC9AD246}
		{D5098312-1D2F-4F8C-B705-D7FC0633B3D5} = {577BE96F-5D13-487E-86D0-93C4EC9AD246}
	EndGlobalSection
EndGlobal
